// !$*UTF8*$!
{
	archiveVersion = 1;
	classes = {
	};
	objectVersion = 77;
	objects = {

/* Begin PBXContainerItemProxy section */
		332AD4D92CD6F17700E74218 /* PBXContainerItemProxy */ = {
			isa = PBXContainerItemProxy;
			containerPortal = 332AD4BB2CD6F17600E74218 /* Project object */;
			proxyType = 1;
			remoteGlobalIDString = 332AD4C22CD6F17600E74218;
			remoteInfo = "NPC Generator";
		};
		332AD4E32CD6F17700E74218 /* PBXContainerItemProxy */ = {
			isa = PBXContainerItemProxy;
			containerPortal = 332AD4BB2CD6F17600E74218 /* Project object */;
			proxyType = 1;
			remoteGlobalIDString = 332AD4C22CD6F17600E74218;
			remoteInfo = "NPC Generator";
		};
/* End PBXContainerItemProxy section */

/* Begin PBXFileReference section */
		332AD4C32CD6F17600E74218 /* NPC Generator.app */ = {isa = PBXFileReference; explicitFileType = wrapper.application; includeInIndex = 0; path = "NPC Generator.app"; sourceTree = BUILT_PRODUCTS_DIR; };
		332AD4D82CD6F17700E74218 /* NPC GeneratorTests.xctest */ = {isa = PBXFileReference; explicitFileType = wrapper.cfbundle; includeInIndex = 0; path = "NPC GeneratorTests.xctest"; sourceTree = BUILT_PRODUCTS_DIR; };
		332AD4E22CD6F17700E74218 /* NPC GeneratorUITests.xctest */ = {isa = PBXFileReference; explicitFileType = wrapper.cfbundle; includeInIndex = 0; path = "NPC GeneratorUITests.xctest"; sourceTree = BUILT_PRODUCTS_DIR; };
/* End PBXFileReference section */

/* Begin PBXFileSystemSynchronizedRootGroup section */
		332AD4C52CD6F17600E74218 /* NPC Generator */ = {
			isa = PBXFileSystemSynchronizedRootGroup;
			path = "NPC Generator";
			sourceTree = "<group>";
		};
		332AD4DB2CD6F17700E74218 /* NPC GeneratorTests */ = {
			isa = PBXFileSystemSynchronizedRootGroup;
			path = "NPC GeneratorTests";
			sourceTree = "<group>";
		};
		332AD4E52CD6F17700E74218 /* NPC GeneratorUITests */ = {
			isa = PBXFileSystemSynchronizedRootGroup;
			path = "NPC GeneratorUITests";
			sourceTree = "<group>";
		};
/* End PBXFileSystemSynchronizedRootGroup section */

/* Begin PBXFrameworksBuildPhase section */
		332AD4C02CD6F17600E74218 /* Frameworks */ = {
			isa = PBXFrameworksBuildPhase;
			buildActionMask = 2147483647;
			files = (
			);
			runOnlyForDeploymentPostprocessing = 0;
		};
		332AD4D52CD6F17700E74218 /* Frameworks */ = {
			isa = PBXFrameworksBuildPhase;
			buildActionMask = 2147483647;
			files = (
			);
			runOnlyForDeploymentPostprocessing = 0;
		};
		332AD4DF2CD6F17700E74218 /* Frameworks */ = {
			isa = PBXFrameworksBuildPhase;
			buildActionMask = 2147483647;
			files = (
			);
			runOnlyForDeploymentPostprocessing = 0;
		};
/* End PBXFrameworksBuildPhase section */

/* Begin PBXGroup section */
		332AD4BA2CD6F17600E74218 = {
			isa = PBXGroup;
			children = (
				332AD4C52CD6F17600E74218 /* NPC Generator */,
				332AD4DB2CD6F17700E74218 /* NPC GeneratorTests */,
				332AD4E52CD6F17700E74218 /* NPC GeneratorUITests */,
				332AD4C42CD6F17600E74218 /* Products */,
			);
			sourceTree = "<group>";
		};
		332AD4C42CD6F17600E74218 /* Products */ = {
			isa = PBXGroup;
			children = (
				332AD4C32CD6F17600E74218 /* NPC Generator.app */,
				332AD4D82CD6F17700E74218 /* NPC GeneratorTests.xctest */,
				332AD4E22CD6F17700E74218 /* NPC GeneratorUITests.xctest */,
			);
			name = Products;
			sourceTree = "<group>";
		};
/* End PBXGroup section */

/* Begin PBXNativeTarget section */
		332AD4C22CD6F17600E74218 /* NPC Generator */ = {
			isa = PBXNativeTarget;
			buildConfigurationList = 332AD4EC2CD6F17700E74218 /* Build configuration list for PBXNativeTarget "NPC Generator" */;
			buildPhases = (
				332AD4BF2CD6F17600E74218 /* Sources */,
				332AD4C02CD6F17600E74218 /* Frameworks */,
				332AD4C12CD6F17600E74218 /* Resources */,
			);
			buildRules = (
			);
			dependencies = (
			);
			fileSystemSynchronizedGroups = (
				332AD4C52CD6F17600E74218 /* NPC Generator */,
			);
			name = "NPC Generator";
			packageProductDependencies = (
			);
			productName = "NPC Generator";
			productReference = 332AD4C32CD6F17600E74218 /* NPC Generator.app */;
			productType = "com.apple.product-type.application";
		};
		332AD4D72CD6F17700E74218 /* NPC GeneratorTests */ = {
			isa = PBXNativeTarget;
			buildConfigurationList = 332AD4EF2CD6F17700E74218 /* Build configuration list for PBXNativeTarget "NPC GeneratorTests" */;
			buildPhases = (
				332AD4D42CD6F17700E74218 /* Sources */,
				332AD4D52CD6F17700E74218 /* Frameworks */,
				332AD4D62CD6F17700E74218 /* Resources */,
			);
			buildRules = (
			);
			dependencies = (
				332AD4DA2CD6F17700E74218 /* PBXTargetDependency */,
			);
			fileSystemSynchronizedGroups = (
				332AD4DB2CD6F17700E74218 /* NPC GeneratorTests */,
			);
			name = "NPC GeneratorTests";
			packageProductDependencies = (
			);
			productName = "NPC GeneratorTests";
			productReference = 332AD4D82CD6F17700E74218 /* NPC GeneratorTests.xctest */;
			productType = "com.apple.product-type.bundle.unit-test";
		};
		332AD4E12CD6F17700E74218 /* NPC GeneratorUITests */ = {
			isa = PBXNativeTarget;
			buildConfigurationList = 332AD4F22CD6F17700E74218 /* Build configuration list for PBXNativeTarget "NPC GeneratorUITests" */;
			buildPhases = (
				332AD4DE2CD6F17700E74218 /* Sources */,
				332AD4DF2CD6F17700E74218 /* Frameworks */,
				332AD4E02CD6F17700E74218 /* Resources */,
			);
			buildRules = (
			);
			dependencies = (
				332AD4E42CD6F17700E74218 /* PBXTargetDependency */,
			);
			fileSystemSynchronizedGroups = (
				332AD4E52CD6F17700E74218 /* NPC GeneratorUITests */,
			);
			name = "NPC GeneratorUITests";
			packageProductDependencies = (
			);
			productName = "NPC GeneratorUITests";
			productReference = 332AD4E22CD6F17700E74218 /* NPC GeneratorUITests.xctest */;
			productType = "com.apple.product-type.bundle.ui-testing";
		};
/* End PBXNativeTarget section */

/* Begin PBXProject section */
		332AD4BB2CD6F17600E74218 /* Project object */ = {
			isa = PBXProject;
			attributes = {
				BuildIndependentTargetsInParallel = 1;
				LastSwiftUpdateCheck = 1610;
				LastUpgradeCheck = 1610;
				TargetAttributes = {
					332AD4C22CD6F17600E74218 = {
						CreatedOnToolsVersion = 16.1;
					};
					332AD4D72CD6F17700E74218 = {
						CreatedOnToolsVersion = 16.1;
						TestTargetID = 332AD4C22CD6F17600E74218;
					};
					332AD4E12CD6F17700E74218 = {
						CreatedOnToolsVersion = 16.1;
						TestTargetID = 332AD4C22CD6F17600E74218;
					};
				};
			};
			buildConfigurationList = 332AD4BE2CD6F17600E74218 /* Build configuration list for PBXProject "NPC Generator" */;
			developmentRegion = en;
			hasScannedForEncodings = 0;
			knownRegions = (
				en,
				Base,
			);
			mainGroup = 332AD4BA2CD6F17600E74218;
			minimizedProjectReferenceProxies = 1;
			preferredProjectObjectVersion = 77;
			productRefGroup = 332AD4C42CD6F17600E74218 /* Products */;
			projectDirPath = "";
			projectRoot = "";
			targets = (
				332AD4C22CD6F17600E74218 /* NPC Generator */,
				332AD4D72CD6F17700E74218 /* NPC GeneratorTests */,
				332AD4E12CD6F17700E74218 /* NPC GeneratorUITests */,
			);
		};
/* End PBXProject section */

/* Begin PBXResourcesBuildPhase section */
		332AD4C12CD6F17600E74218 /* Resources */ = {
			isa = PBXResourcesBuildPhase;
			buildActionMask = 2147483647;
			files = (
			);
			runOnlyForDeploymentPostprocessing = 0;
		};
		332AD4D62CD6F17700E74218 /* Resources */ = {
			isa = PBXResourcesBuildPhase;
			buildActionMask = 2147483647;
			files = (
			);
			runOnlyForDeploymentPostprocessing = 0;
		};
		332AD4E02CD6F17700E74218 /* Resources */ = {
			isa = PBXResourcesBuildPhase;
			buildActionMask = 2147483647;
			files = (
			);
			runOnlyForDeploymentPostprocessing = 0;
		};
/* End PBXResourcesBuildPhase section */

/* Begin PBXSourcesBuildPhase section */
		332AD4BF2CD6F17600E74218 /* Sources */ = {
			isa = PBXSourcesBuildPhase;
			buildActionMask = 2147483647;
			files = (
			);
			runOnlyForDeploymentPostprocessing = 0;
		};
		332AD4D42CD6F17700E74218 /* Sources */ = {
			isa = PBXSourcesBuildPhase;
			buildActionMask = 2147483647;
			files = (
			);
			runOnlyForDeploymentPostprocessing = 0;
		};
		332AD4DE2CD6F17700E74218 /* Sources */ = {
			isa = PBXSourcesBuildPhase;
			buildActionMask = 2147483647;
			files = (
			);
			runOnlyForDeploymentPostprocessing = 0;
		};
/* End PBXSourcesBuildPhase section */

/* Begin PBXTargetDependency section */
		332AD4DA2CD6F17700E74218 /* PBXTargetDependency */ = {
			isa = PBXTargetDependency;
			target = 332AD4C22CD6F17600E74218 /* NPC Generator */;
			targetProxy = 332AD4D92CD6F17700E74218 /* PBXContainerItemProxy */;
		};
		332AD4E42CD6F17700E74218 /* PBXTargetDependency */ = {
			isa = PBXTargetDependency;
			target = 332AD4C22CD6F17600E74218 /* NPC Generator */;
			targetProxy = 332AD4E32CD6F17700E74218 /* PBXContainerItemProxy */;
		};
/* End PBXTargetDependency section */

/* Begin XCBuildConfiguration section */
		332AD4EA2CD6F17700E74218 /* Debug */ = {
			isa = XCBuildConfiguration;
			buildSettings = {
				ALWAYS_SEARCH_USER_PATHS = NO;
				ASSETCATALOG_COMPILER_GENERATE_SWIFT_ASSET_SYMBOL_EXTENSIONS = YES;
				CLANG_ANALYZER_NONNULL = YES;
				CLANG_ANALYZER_NUMBER_OBJECT_CONVERSION = YES_AGGRESSIVE;
				CLANG_CXX_LANGUAGE_STANDARD = "gnu++20";
				CLANG_ENABLE_MODULES = YES;
				CLANG_ENABLE_OBJC_ARC = YES;
				CLANG_ENABLE_OBJC_WEAK = YES;
				CLANG_WARN_BLOCK_CAPTURE_AUTORELEASING = YES;
				CLANG_WARN_BOOL_CONVERSION = YES;
				CLANG_WARN_COMMA = YES;
				CLANG_WARN_CONSTANT_CONVERSION = YES;
				CLANG_WARN_DEPRECATED_OBJC_IMPLEMENTATIONS = YES;
				CLANG_WARN_DIRECT_OBJC_ISA_USAGE = YES_ERROR;
				CLANG_WARN_DOCUMENTATION_COMMENTS = YES;
				CLANG_WARN_EMPTY_BODY = YES;
				CLANG_WARN_ENUM_CONVERSION = YES;
				CLANG_WARN_INFINITE_RECURSION = YES;
				CLANG_WARN_INT_CONVERSION = YES;
				CLANG_WARN_NON_LITERAL_NULL_CONVERSION = YES;
				CLANG_WARN_OBJC_IMPLICIT_RETAIN_SELF = YES;
				CLANG_WARN_OBJC_LITERAL_CONVERSION = YES;
				CLANG_WARN_OBJC_ROOT_CLASS = YES_ERROR;
				CLANG_WARN_QUOTED_INCLUDE_IN_FRAMEWORK_HEADER = YES;
				CLANG_WARN_RANGE_LOOP_ANALYSIS = YES;
				CLANG_WARN_STRICT_PROTOTYPES = YES;
				CLANG_WARN_SUSPICIOUS_MOVE = YES;
				CLANG_WARN_UNGUARDED_AVAILABILITY = YES_AGGRESSIVE;
				CLANG_WARN_UNREACHABLE_CODE = YES;
				CLANG_WARN__DUPLICATE_METHOD_MATCH = YES;
				COPY_PHASE_STRIP = NO;
				DEBUG_INFORMATION_FORMAT = dwarf;
				ENABLE_STRICT_OBJC_MSGSEND = YES;
				ENABLE_TESTABILITY = YES;
				ENABLE_USER_SCRIPT_SANDBOXING = YES;
				GCC_C_LANGUAGE_STANDARD = gnu17;
				GCC_DYNAMIC_NO_PIC = NO;
				GCC_NO_COMMON_BLOCKS = YES;
				GCC_OPTIMIZATION_LEVEL = 0;
				GCC_PREPROCESSOR_DEFINITIONS = (
					"DEBUG=1",
					"$(inherited)",
				);
				GCC_WARN_64_TO_32_BIT_CONVERSION = YES;
				GCC_WARN_ABOUT_RETURN_TYPE = YES_ERROR;
				GCC_WARN_UNDECLARED_SELECTOR = YES;
				GCC_WARN_UNINITIALIZED_AUTOS = YES_AGGRESSIVE;
				GCC_WARN_UNUSED_FUNCTION = YES;
				GCC_WARN_UNUSED_VARIABLE = YES;
				IPHONEOS_DEPLOYMENT_TARGET = 18.1;
				LOCALIZATION_PREFERS_STRING_CATALOGS = YES;
				MTL_ENABLE_DEBUG_INFO = INCLUDE_SOURCE;
				MTL_FAST_MATH = YES;
				ONLY_ACTIVE_ARCH = YES;
				SDKROOT = iphoneos;
				SWIFT_ACTIVE_COMPILATION_CONDITIONS = "DEBUG $(inherited)";
				SWIFT_OPTIMIZATION_LEVEL = "-Onone";
			};
			name = Debug;
		};
		332AD4EB2CD6F17700E74218 /* Release */ = {
			isa = XCBuildConfiguration;
			buildSettings = {
				ALWAYS_SEARCH_USER_PATHS = NO;
				ASSETCATALOG_COMPILER_GENERATE_SWIFT_ASSET_SYMBOL_EXTENSIONS = YES;
				CLANG_ANALYZER_NONNULL = YES;
				CLANG_ANALYZER_NUMBER_OBJECT_CONVERSION = YES_AGGRESSIVE;
				CLANG_CXX_LANGUAGE_STANDARD = "gnu++20";
				CLANG_ENABLE_MODULES = YES;
				CLANG_ENABLE_OBJC_ARC = YES;
				CLANG_ENABLE_OBJC_WEAK = YES;
				CLANG_WARN_BLOCK_CAPTURE_AUTORELEASING = YES;
				CLANG_WARN_BOOL_CONVERSION = YES;
				CLANG_WARN_COMMA = YES;
				CLANG_WARN_CONSTANT_CONVERSION = YES;
				CLANG_WARN_DEPRECATED_OBJC_IMPLEMENTATIONS = YES;
				CLANG_WARN_DIRECT_OBJC_ISA_USAGE = YES_ERROR;
				CLANG_WARN_DOCUMENTATION_COMMENTS = YES;
				CLANG_WARN_EMPTY_BODY = YES;
				CLANG_WARN_ENUM_CONVERSION = YES;
				CLANG_WARN_INFINITE_RECURSION = YES;
				CLANG_WARN_INT_CONVERSION = YES;
				CLANG_WARN_NON_LITERAL_NULL_CONVERSION = YES;
				CLANG_WARN_OBJC_IMPLICIT_RETAIN_SELF = YES;
				CLANG_WARN_OBJC_LITERAL_CONVERSION = YES;
				CLANG_WARN_OBJC_ROOT_CLASS = YES_ERROR;
				CLANG_WARN_QUOTED_INCLUDE_IN_FRAMEWORK_HEADER = YES;
				CLANG_WARN_RANGE_LOOP_ANALYSIS = YES;
				CLANG_WARN_STRICT_PROTOTYPES = YES;
				CLANG_WARN_SUSPICIOUS_MOVE = YES;
				CLANG_WARN_UNGUARDED_AVAILABILITY = YES_AGGRESSIVE;
				CLANG_WARN_UNREACHABLE_CODE = YES;
				CLANG_WARN__DUPLICATE_METHOD_MATCH = YES;
				COPY_PHASE_STRIP = NO;
				DEBUG_INFORMATION_FORMAT = "dwarf-with-dsym";
				ENABLE_NS_ASSERTIONS = NO;
				ENABLE_STRICT_OBJC_MSGSEND = YES;
				ENABLE_USER_SCRIPT_SANDBOXING = YES;
				GCC_C_LANGUAGE_STANDARD = gnu17;
				GCC_NO_COMMON_BLOCKS = YES;
				GCC_WARN_64_TO_32_BIT_CONVERSION = YES;
				GCC_WARN_ABOUT_RETURN_TYPE = YES_ERROR;
				GCC_WARN_UNDECLARED_SELECTOR = YES;
				GCC_WARN_UNINITIALIZED_AUTOS = YES_AGGRESSIVE;
				GCC_WARN_UNUSED_FUNCTION = YES;
				GCC_WARN_UNUSED_VARIABLE = YES;
				IPHONEOS_DEPLOYMENT_TARGET = 18.1;
				LOCALIZATION_PREFERS_STRING_CATALOGS = YES;
				MTL_ENABLE_DEBUG_INFO = NO;
				MTL_FAST_MATH = YES;
				SDKROOT = iphoneos;
				SWIFT_COMPILATION_MODE = wholemodule;
				VALIDATE_PRODUCT = YES;
			};
			name = Release;
		};
		332AD4ED2CD6F17700E74218 /* Debug */ = {
			isa = XCBuildConfiguration;
			buildSettings = {
				ASSETCATALOG_COMPILER_APPICON_NAME = AppIcon;
				ASSETCATALOG_COMPILER_GLOBAL_ACCENT_COLOR_NAME = AccentColor;
				CODE_SIGN_STYLE = Automatic;
				CURRENT_PROJECT_VERSION = 1;
				DEVELOPMENT_ASSET_PATHS = "\"NPC Generator/Preview Content\"";
				DEVELOPMENT_TEAM = 5V8D34KHHF;
				ENABLE_PREVIEWS = YES;
				GENERATE_INFOPLIST_FILE = YES;
				INFOPLIST_KEY_UIApplicationSceneManifest_Generation = YES;
				INFOPLIST_KEY_UIApplicationSupportsIndirectInputEvents = YES;
				INFOPLIST_KEY_UILaunchScreen_Generation = YES;
				INFOPLIST_KEY_UISupportedInterfaceOrientations_iPad = "UIInterfaceOrientationPortrait UIInterfaceOrientationPortraitUpsideDown UIInterfaceOrientationLandscapeLeft UIInterfaceOrientationLandscapeRight";
				INFOPLIST_KEY_UISupportedInterfaceOrientations_iPhone = "UIInterfaceOrientationPortrait UIInterfaceOrientationLandscapeLeft UIInterfaceOrientationLandscapeRight";
				LD_RUNPATH_SEARCH_PATHS = (
					"$(inherited)",
					"@executable_path/Frameworks",
				);
				MARKETING_VERSION = 1.0;
				PRODUCT_BUNDLE_IDENTIFIER = "com.edsalter.NPC-Generator";
				PRODUCT_NAME = "$(TARGET_NAME)";
				SWIFT_EMIT_LOC_STRINGS = YES;
				SWIFT_VERSION = 5.0;
				TARGETED_DEVICE_FAMILY = "1,2";
			};
			name = Debug;
		};
		332AD4EE2CD6F17700E74218 /* Release */ = {
			isa = XCBuildConfiguration;
			buildSettings = {
				ASSETCATALOG_COMPILER_APPICON_NAME = AppIcon;
				ASSETCATALOG_COMPILER_GLOBAL_ACCENT_COLOR_NAME = AccentColor;
				CODE_SIGN_STYLE = Automatic;
				CURRENT_PROJECT_VERSION = 1;
				DEVELOPMENT_ASSET_PATHS = "\"NPC Generator/Preview Content\"";
				DEVELOPMENT_TEAM = 5V8D34KHHF;
				ENABLE_PREVIEWS = YES;
				GENERATE_INFOPLIST_FILE = YES;
				INFOPLIST_KEY_UIApplicationSceneManifest_Generation = YES;
				INFOPLIST_KEY_UIApplicationSupportsIndirectInputEvents = YES;
				INFOPLIST_KEY_UILaunchScreen_Generation = YES;
				INFOPLIST_KEY_UISupportedInterfaceOrientations_iPad = "UIInterfaceOrientationPortrait UIInterfaceOrientationPortraitUpsideDown UIInterfaceOrientationLandscapeLeft UIInterfaceOrientationLandscapeRight";
				INFOPLIST_KEY_UISupportedInterfaceOrientations_iPhone = "UIInterfaceOrientationPortrait UIInterfaceOrientationLandscapeLeft UIInterfaceOrientationLandscapeRight";
				LD_RUNPATH_SEARCH_PATHS = (
					"$(inherited)",
					"@executable_path/Frameworks",
				);
				MARKETING_VERSION = 1.0;
				PRODUCT_BUNDLE_IDENTIFIER = "com.edsalter.NPC-Generator";
				PRODUCT_NAME = "$(TARGET_NAME)";
				SWIFT_EMIT_LOC_STRINGS = YES;
				SWIFT_VERSION = 5.0;
				TARGETED_DEVICE_FAMILY = "1,2";
			};
			name = Release;
		};
		332AD4F02CD6F17700E74218 /* Debug */ = {
			isa = XCBuildConfiguration;
			buildSettings = {
				BUNDLE_LOADER = "$(TEST_HOST)";
				CODE_SIGN_STYLE = Automatic;
				CURRENT_PROJECT_VERSION = 1;
				DEVELOPMENT_TEAM = 5V8D34KHHF;
				GENERATE_INFOPLIST_FILE = YES;
				IPHONEOS_DEPLOYMENT_TARGET = 18.1;
				MARKETING_VERSION = 1.0;
				PRODUCT_BUNDLE_IDENTIFIER = "com.edsalter.NPC-GeneratorTests";
				PRODUCT_NAME = "$(TARGET_NAME)";
				SWIFT_EMIT_LOC_STRINGS = NO;
				SWIFT_VERSION = 5.0;
				TARGETED_DEVICE_FAMILY = "1,2";
				TEST_HOST = "$(BUILT_PRODUCTS_DIR)/NPC Generator.app/$(BUNDLE_EXECUTABLE_FOLDER_PATH)/NPC Generator";
			};
			name = Debug;
		};
		332AD4F12CD6F17700E74218 /* Release */ = {
			isa = XCBuildConfiguration;
			buildSettings = {
				BUNDLE_LOADER = "$(TEST_HOST)";
				CODE_SIGN_STYLE = Automatic;
				CURRENT_PROJECT_VERSION = 1;
				DEVELOPMENT_TEAM = 5V8D34KHHF;
				GENERATE_INFOPLIST_FILE = YES;
				IPHONEOS_DEPLOYMENT_TARGET = 18.1;
				MARKETING_VERSION = 1.0;
				PRODUCT_BUNDLE_IDENTIFIER = "com.edsalter.NPC-GeneratorTests";
				PRODUCT_NAME = "$(TARGET_NAME)";
				SWIFT_EMIT_LOC_STRINGS = NO;
				SWIFT_VERSION = 5.0;
				TARGETED_DEVICE_FAMILY = "1,2";
				TEST_HOST = "$(BUILT_PRODUCTS_DIR)/NPC Generator.app/$(BUNDLE_EXECUTABLE_FOLDER_PATH)/NPC Generator";
			};
			name = Release;
		};
		332AD4F32CD6F17700E74218 /* Debug */ = {
			isa = XCBuildConfiguration;
			buildSettings = {
				CODE_SIGN_STYLE = Automatic;
				CURRENT_PROJECT_VERSION = 1;
				DEVELOPMENT_TEAM = 5V8D34KHHF;
				GENERATE_INFOPLIST_FILE = YES;
				MARKETING_VERSION = 1.0;
				PRODUCT_BUNDLE_IDENTIFIER = "com.edsalter.NPC-GeneratorUITests";
				PRODUCT_NAME = "$(TARGET_NAME)";
				SWIFT_EMIT_LOC_STRINGS = NO;
				SWIFT_VERSION = 5.0;
				TARGETED_DEVICE_FAMILY = "1,2";
				TEST_TARGET_NAME = "NPC Generator";
			};
			name = Debug;
		};
		332AD4F42CD6F17700E74218 /* Release */ = {
			isa = XCBuildConfiguration;
			buildSettings = {
				CODE_SIGN_STYLE = Automatic;
				CURRENT_PROJECT_VERSION = 1;
				DEVELOPMENT_TEAM = 5V8D34KHHF;
				GENERATE_INFOPLIST_FILE = YES;
				MARKETING_VERSION = 1.0;
				PRODUCT_BUNDLE_IDENTIFIER = "com.edsalter.NPC-GeneratorUITests";
				PRODUCT_NAME = "$(TARGET_NAME)";
				SWIFT_EMIT_LOC_STRINGS = NO;
				SWIFT_VERSION = 5.0;
				TARGETED_DEVICE_FAMILY = "1,2";
				TEST_TARGET_NAME = "NPC Generator";
			};
			name = Release;
		};
/* End XCBuildConfiguration section */

/* Begin XCConfigurationList section */
		332AD4BE2CD6F17600E74218 /* Build configuration list for PBXProject "NPC Generator" */ = {
			isa = XCConfigurationList;
			buildConfigurations = (
				332AD4EA2CD6F17700E74218 /* Debug */,
				332AD4EB2CD6F17700E74218 /* Release */,
			);
			defaultConfigurationIsVisible = 0;
			defaultConfigurationName = Release;
		};
		332AD4EC2CD6F17700E74218 /* Build configuration list for PBXNativeTarget "NPC Generator" */ = {
			isa = XCConfigurationList;
			buildConfigurations = (
				332AD4ED2CD6F17700E74218 /* Debug */,
				332AD4EE2CD6F17700E74218 /* Release */,
			);
			defaultConfigurationIsVisible = 0;
			defaultConfigurationName = Release;
		};
		332AD4EF2CD6F17700E74218 /* Build configuration list for PBXNativeTarget "NPC GeneratorTests" */ = {
			isa = XCConfigurationList;
			buildConfigurations = (
				332AD4F02CD6F17700E74218 /* Debug */,
				332AD4F12CD6F17700E74218 /* Release */,
			);
			defaultConfigurationIsVisible = 0;
			defaultConfigurationName = Release;
		};
		332AD4F22CD6F17700E74218 /* Build configuration list for PBXNativeTarget "NPC GeneratorUITests" */ = {
			isa = XCConfigurationList;
			buildConfigurations = (
				332AD4F32CD6F17700E74218 /* Debug */,
				332AD4F42CD6F17700E74218 /* Release */,
			);
			defaultConfigurationIsVisible = 0;
			defaultConfigurationName = Release;
		};
/* End XCConfigurationList section */
	};
	rootObject = 332AD4BB2CD6F17600E74218 /* Project object */;
}
